
Microsoft Visual Studio Solution File, Format Version 12.00
# Visual Studio Version 17
VisualStudioVersion = 17.10.35013.160
MinimumVisualStudioVersion = 10.0.40219.1
Project("{E24C65DC-7377-472B-9ABA-BC803B73C61A}") = "Yemek Sitesi", "Yemek Sitesi\", "{872ED14F-2E41-4783-9AF6-20FEDF915B03}"
	ProjectSection(WebsiteProperties) = preProject
		TargetFrameworkMoniker = ".NETFramework,Version%3Dv4.7.2"
		Debug.AspNetCompiler.VirtualPath = "/localhost_60395"
		Debug.AspNetCompiler.PhysicalPath = "Yemek Sitesi\"
		Debug.AspNetCompiler.TargetPath = "PrecompiledWeb\localhost_60395\"
		Debug.AspNetCompiler.Updateable = "true"
		Debug.AspNetCompiler.ForceOverwrite = "true"
		Debug.AspNetCompiler.FixedNames = "false"
		Debug.AspNetCompiler.Debug = "True"
		Release.AspNetCompiler.VirtualPath = "/localhost_60395"
		Release.AspNetCompiler.PhysicalPath = "Yemek Sitesi\"
		Release.AspNetCompiler.TargetPath = "PrecompiledWeb\localhost_60395\"
		Release.AspNetCompiler.Updateable = "true"
		Release.AspNetCompiler.ForceOverwrite = "true"
		Release.AspNetCompiler.FixedNames = "false"
		Release.AspNetCompiler.Debug = "False"
		VWDPort = "60395"
		DefaultWebSiteLanguage = "Visual C#"
	EndProjectSection
EndProject
Global
	GlobalSection(SolutionConfigurationPlatforms) = preSolution
		Debug|Any CPU = Debug|Any CPU
	EndGlobalSection
	GlobalSection(ProjectConfigurationPlatforms) = postSolution
		{872ED14F-2E41-4783-9AF6-20FEDF915B03}.Debug|Any CPU.ActiveCfg = Debug|Any CPU
		{872ED14F-2E41-4783-9AF6-20FEDF915B03}.Debug|Any CPU.Build.0 = Debug|Any CPU
	EndGlobalSection
	GlobalSection(SolutionProperties) = preSolution
		HideSolutionNode = FALSE
	EndGlobalSection
	GlobalSection(ExtensibilityGlobals) = postSolution
		SolutionGuid = {959F27A5-AE45-4CC2-B490-ED69EC700313}
	EndGlobalSection
EndGlobal
