
Microsoft Visual Studio Solution File, Format Version 12.00
# Visual Studio Version 17
VisualStudioVersion = 17.10.35027.167
MinimumVisualStudioVersion = 10.0.40219.1
Project("{F2A71F9B-5D33-465A-A702-920D77279786}") = "WebApplication7", "WebApplication7\WebApplication7.fsproj", "{53145DEE-81BF-4CA3-84CB-9199411D1B2C}"
EndProject
Global
	GlobalSection(SolutionConfigurationPlatforms) = preSolution
		Debug|Any CPU = Debug|Any CPU
		Release|Any CPU = Release|Any CPU
	EndGlobalSection
	GlobalSection(ProjectConfigurationPlatforms) = postSolution
		{53145DEE-81BF-4CA3-84CB-9199411D1B2C}.Debug|Any CPU.ActiveCfg = Debug|Any CPU
		{53145DEE-81BF-4CA3-84CB-9199411D1B2C}.Debug|Any CPU.Build.0 = Debug|Any CPU
		{53145DEE-81BF-4CA3-84CB-9199411D1B2C}.Release|Any CPU.ActiveCfg = Release|Any CPU
		{53145DEE-81BF-4CA3-84CB-9199411D1B2C}.Release|Any CPU.Build.0 = Release|Any CPU
	EndGlobalSection
	GlobalSection(SolutionProperties) = preSolution
		HideSolutionNode = FALSE
	EndGlobalSection
	GlobalSection(ExtensibilityGlobals) = postSolution
		SolutionGuid = {9075B38C-8340-4C99-B8B9-0DBC5E102274}
	EndGlobalSection
EndGlobal
