
Microsoft Visual Studio Solution File, Format Version 12.00
# Visual Studio Version 17
VisualStudioVersion = 17.10.35027.167
MinimumVisualStudioVersion = 10.0.40219.1
Project("{FAE04EC0-301F-11D3-BF4B-00C04F79EFBC}") = "WebApplication12", "WebApplication12\WebApplication12.csproj", "{57AAC595-6639-4D1E-8D70-3A919145F45B}"
EndProject
Global
	GlobalSection(SolutionConfigurationPlatforms) = preSolution
		Debug|Any CPU = Debug|Any CPU
		Release|Any CPU = Release|Any CPU
	EndGlobalSection
	GlobalSection(ProjectConfigurationPlatforms) = postSolution
		{57AAC595-6639-4D1E-8D70-3A919145F45B}.Debug|Any CPU.ActiveCfg = Debug|Any CPU
		{57AAC595-6639-4D1E-8D70-3A919145F45B}.Debug|Any CPU.Build.0 = Debug|Any CPU
		{57AAC595-6639-4D1E-8D70-3A919145F45B}.Release|Any CPU.ActiveCfg = Release|Any CPU
		{57AAC595-6639-4D1E-8D70-3A919145F45B}.Release|Any CPU.Build.0 = Release|Any CPU
	EndGlobalSection
	GlobalSection(SolutionProperties) = preSolution
		HideSolutionNode = FALSE
	EndGlobalSection
	GlobalSection(ExtensibilityGlobals) = postSolution
		SolutionGuid = {88B938C5-39A7-49E7-A076-557D0552D370}
	EndGlobalSection
EndGlobal
