
Microsoft Visual Studio Solution File, Format Version 12.00
# Visual Studio Version 17
VisualStudioVersion = 17.10.35027.167
MinimumVisualStudioVersion = 10.0.40219.1
Project("{FAE04EC0-301F-11D3-BF4B-00C04F79EFBC}") = "WebApplication3", "WebApplication3\WebApplication3.csproj", "{E9C95480-6B04-487F-8F69-6C5BFB031733}"
EndProject
Global
	GlobalSection(SolutionConfigurationPlatforms) = preSolution
		Debug|Any CPU = Debug|Any CPU
		Release|Any CPU = Release|Any CPU
	EndGlobalSection
	GlobalSection(ProjectConfigurationPlatforms) = postSolution
		{E9C95480-6B04-487F-8F69-6C5BFB031733}.Debug|Any CPU.ActiveCfg = Debug|Any CPU
		{E9C95480-6B04-487F-8F69-6C5BFB031733}.Debug|Any CPU.Build.0 = Debug|Any CPU
		{E9C95480-6B04-487F-8F69-6C5BFB031733}.Release|Any CPU.ActiveCfg = Release|Any CPU
		{E9C95480-6B04-487F-8F69-6C5BFB031733}.Release|Any CPU.Build.0 = Release|Any CPU
	EndGlobalSection
	GlobalSection(SolutionProperties) = preSolution
		HideSolutionNode = FALSE
	EndGlobalSection
	GlobalSection(ExtensibilityGlobals) = postSolution
		SolutionGuid = {7C2BE56F-0DAC-4FF3-AC0F-0EF97E25FED0}
	EndGlobalSection
EndGlobal
