
Microsoft Visual Studio Solution File, Format Version 12.00
# Visual Studio Version 17
VisualStudioVersion = 17.10.35027.167
MinimumVisualStudioVersion = 10.0.40219.1
Project("{FAE04EC0-301F-11D3-BF4B-00C04F79EFBC}") = "SummerSchoolRegistration", "SummerSchoolRegistration\SummerSchoolRegistration.csproj", "{022EF302-32E9-443B-A1C7-9D19952FD0D0}"
EndProject
Global
	GlobalSection(SolutionConfigurationPlatforms) = preSolution
		Debug|Any CPU = Debug|Any CPU
		Release|Any CPU = Release|Any CPU
	EndGlobalSection
	GlobalSection(ProjectConfigurationPlatforms) = postSolution
		{022EF302-32E9-443B-A1C7-9D19952FD0D0}.Debug|Any CPU.ActiveCfg = Debug|Any CPU
		{022EF302-32E9-443B-A1C7-9D19952FD0D0}.Debug|Any CPU.Build.0 = Debug|Any CPU
		{022EF302-32E9-443B-A1C7-9D19952FD0D0}.Release|Any CPU.ActiveCfg = Release|Any CPU
		{022EF302-32E9-443B-A1C7-9D19952FD0D0}.Release|Any CPU.Build.0 = Release|Any CPU
	EndGlobalSection
	GlobalSection(SolutionProperties) = preSolution
		HideSolutionNode = FALSE
	EndGlobalSection
	GlobalSection(ExtensibilityGlobals) = postSolution
		SolutionGuid = {04099223-C956-4E0F-9D51-C9A4B319D2DF}
	EndGlobalSection
EndGlobal
