
Microsoft Visual Studio Solution File, Format Version 12.00
# Visual Studio Version 17
VisualStudioVersion = 17.10.35027.167
MinimumVisualStudioVersion = 10.0.40219.1
Project("{FAE04EC0-301F-11D3-BF4B-00C04F79EFBC}") = "WebApplication9", "WebApplication9\WebApplication9.csproj", "{67D12160-8AA5-469D-A7EC-C10C671ACF0D}"
EndProject
Global
	GlobalSection(SolutionConfigurationPlatforms) = preSolution
		Debug|Any CPU = Debug|Any CPU
		Release|Any CPU = Release|Any CPU
	EndGlobalSection
	GlobalSection(ProjectConfigurationPlatforms) = postSolution
		{67D12160-8AA5-469D-A7EC-C10C671ACF0D}.Debug|Any CPU.ActiveCfg = Debug|Any CPU
		{67D12160-8AA5-469D-A7EC-C10C671ACF0D}.Debug|Any CPU.Build.0 = Debug|Any CPU
		{67D12160-8AA5-469D-A7EC-C10C671ACF0D}.Release|Any CPU.ActiveCfg = Release|Any CPU
		{67D12160-8AA5-469D-A7EC-C10C671ACF0D}.Release|Any CPU.Build.0 = Release|Any CPU
	EndGlobalSection
	GlobalSection(SolutionProperties) = preSolution
		HideSolutionNode = FALSE
	EndGlobalSection
	GlobalSection(ExtensibilityGlobals) = postSolution
		SolutionGuid = {86517997-6C93-457D-9BB6-7F45ADE75F48}
	EndGlobalSection
EndGlobal
