
Microsoft Visual Studio Solution File, Format Version 12.00
# Visual Studio Version 17
VisualStudioVersion = 17.10.35027.167
MinimumVisualStudioVersion = 10.0.40219.1
Project("{FAE04EC0-301F-11D3-BF4B-00C04F79EFBC}") = "MvcStok", "MvcStok\MvcStok.csproj", "{EC161921-851A-478B-B2F3-DA21FDBF0942}"
EndProject
Global
	GlobalSection(SolutionConfigurationPlatforms) = preSolution
		Debug|Any CPU = Debug|Any CPU
		Release|Any CPU = Release|Any CPU
	EndGlobalSection
	GlobalSection(ProjectConfigurationPlatforms) = postSolution
		{EC161921-851A-478B-B2F3-DA21FDBF0942}.Debug|Any CPU.ActiveCfg = Debug|Any CPU
		{EC161921-851A-478B-B2F3-DA21FDBF0942}.Debug|Any CPU.Build.0 = Debug|Any CPU
		{EC161921-851A-478B-B2F3-DA21FDBF0942}.Release|Any CPU.ActiveCfg = Release|Any CPU
		{EC161921-851A-478B-B2F3-DA21FDBF0942}.Release|Any CPU.Build.0 = Release|Any CPU
	EndGlobalSection
	GlobalSection(SolutionProperties) = preSolution
		HideSolutionNode = FALSE
	EndGlobalSection
	GlobalSection(ExtensibilityGlobals) = postSolution
		SolutionGuid = {3AE81E5A-0C3C-4F38-8FC6-F1A3452CBED9}
	EndGlobalSection
EndGlobal
