
Microsoft Visual Studio Solution File, Format Version 12.00
# Visual Studio Version 17
VisualStudioVersion = 17.10.35027.167
MinimumVisualStudioVersion = 10.0.40219.1
Project("{FAE04EC0-301F-11D3-BF4B-00C04F79EFBC}") = "SummerSchoolProject", "SummerSchoolProject\SummerSchoolProject.csproj", "{6B7A90D1-827A-4E3E-8E29-E4D94EB92A95}"
EndProject
Global
	GlobalSection(SolutionConfigurationPlatforms) = preSolution
		Debug|Any CPU = Debug|Any CPU
		Release|Any CPU = Release|Any CPU
	EndGlobalSection
	GlobalSection(ProjectConfigurationPlatforms) = postSolution
		{6B7A90D1-827A-4E3E-8E29-E4D94EB92A95}.Debug|Any CPU.ActiveCfg = Debug|Any CPU
		{6B7A90D1-827A-4E3E-8E29-E4D94EB92A95}.Debug|Any CPU.Build.0 = Debug|Any CPU
		{6B7A90D1-827A-4E3E-8E29-E4D94EB92A95}.Release|Any CPU.ActiveCfg = Release|Any CPU
		{6B7A90D1-827A-4E3E-8E29-E4D94EB92A95}.Release|Any CPU.Build.0 = Release|Any CPU
	EndGlobalSection
	GlobalSection(SolutionProperties) = preSolution
		HideSolutionNode = FALSE
	EndGlobalSection
	GlobalSection(ExtensibilityGlobals) = postSolution
		SolutionGuid = {7BDFE357-C5DD-414F-99C6-65D8BA991EE8}
	EndGlobalSection
EndGlobal
